github.com/sam-caldwell/ansi/v2 v2.0.0 h1:SbDNP32ypKl6SkdlIYdCsPFFQ+TA7HRQebLhJIzj6tI=
github.com/sam-caldwell/ansi/v2 v2.0.0/go.mod h1:isetFSCe4kIGH6Y9nPvIwKa3DkQZK7ag9fUIuq9hGzU=
github.com/sam-caldwell/argparse/v2 v2.0.0-20230608045445-d52c35e1d906 h1:ft0wuCTdL83EZNeL/q70kTLrRQTZ/nTLtxNulS/Q09g=
github.com/sam-caldwell/argparse/v2 v2.0.0-20230608045445-d52c35e1d906/go.mod h1:9m2XpGlbEd00iVI0tLra9WjgzGyTBOeVVpf5pJVBU4M=
github.com/sam-caldwell/counters/v2 v2.0.5 h1:uXgx5RDXLEnb+5beD24ogwn26TzYuTQdaU9qoCO6kDo=
github.com/sam-caldwell/counters/v2 v2.0.5/go.mod h1:UEoqWFcwgC9rGs7OV97vVU0MIP32jOSINvlqNKtvo1k=
github.com/sam-caldwell/orderedset/v2 v2.0.2 h1:YHYg99ceMYFgSr/Ufv5QD01BDV4f7vRh4aiykMoxyDE=
github.com/sam-caldwell/orderedset/v2 v2.0.2/go.mod h1:oZ5EyLTaSGirH4KUymz1Jty4ZBbsXZ+aDVZH8ju7rwE=
github.com/sam-caldwell/simpleset/v2 v2.0.3 h1:Zfx41uakRJRlPaDQMdL0rvzXfbceRo8U5ZE4nuRPJNo=
github.com/sam-caldwell/simpleset/v2 v2.0.3/go.mod h1:oQ+je3Bd8JpRy0kRWsky90Mpu/iWhveTmHxF5WLvGGE=
github.com/sam-caldwell/subnetting/v2 v2.0.1 h1:VmzS5VvFSh/dVnnnhyRF2sze7XWKMod1RGwqHZrZTZ4=
github.com/sam-caldwell/subnetting/v2 v2.0.1/go.mod h1:70JzXQO6GQn23bzNSPf6eViOpxvu+ORceD0l0hYN+e0=
github.com/sam-caldwell/utilities/v2 v2.0.6 h1:+G/sab91I7nGekuKQ124cyZ2mZqeFL55k7OEE9bDSRM=
github.com/sam-caldwell/utilities/v2 v2.0.6/go.mod h1:ZhOz/hl07PawmQAjTq7/sGK9Z+W/gF2ELcdtmDjiW0I=
